
Microsoft Visual Studio Solution File, Format Version 12.00
# Visual Studio Version 17
VisualStudioVersion = 17.5.2.0
MinimumVisualStudioVersion = 10.0.40219.1
Project("{FAE04EC0-301F-11D3-BF4B-00C04F79EFBC}") = "dotnet9SentimentApi", "dotnet9SentimentApi.csproj", "{7332769C-2A5D-7CEA-CC8B-FA57E5D4A7BF}"
EndProject
Project("{FAE04EC0-301F-11D3-BF4B-00C04F79EFBC}") = "AnomalyDetection", "AnomalyDetection\AnomalyDetection.csproj", "{17E9BEB5-2853-4B0B-9824-CE7998E4ADEB}"
EndProject
Project("{2150E333-8FDC-42A3-9474-1A3956D46DE8}") = "UserBehaviorPrediction", "UserBehaviorPrediction", "{95C4AE2B-545B-949C-7842-D6504EBF890D}"
EndProject
Project("{FAE04EC0-301F-11D3-BF4B-00C04F79EFBC}") = "UserBehaviorAPI", "UserBehaviorPrediction\UserBehaviorAPI\UserBehaviorAPI.csproj", "{28475782-5758-4CFD-8FDA-9EC0C5998729}"
EndProject
Global
	GlobalSection(SolutionConfigurationPlatforms) = preSolution
		Debug|Any CPU = Debug|Any CPU
		Release|Any CPU = Release|Any CPU
	EndGlobalSection
	GlobalSection(ProjectConfigurationPlatforms) = postSolution
		{7332769C-2A5D-7CEA-CC8B-FA57E5D4A7BF}.Debug|Any CPU.ActiveCfg = Debug|Any CPU
		{7332769C-2A5D-7CEA-CC8B-FA57E5D4A7BF}.Debug|Any CPU.Build.0 = Debug|Any CPU
		{7332769C-2A5D-7CEA-CC8B-FA57E5D4A7BF}.Release|Any CPU.ActiveCfg = Release|Any CPU
		{7332769C-2A5D-7CEA-CC8B-FA57E5D4A7BF}.Release|Any CPU.Build.0 = Release|Any CPU
		{17E9BEB5-2853-4B0B-9824-CE7998E4ADEB}.Debug|Any CPU.ActiveCfg = Debug|Any CPU
		{17E9BEB5-2853-4B0B-9824-CE7998E4ADEB}.Debug|Any CPU.Build.0 = Debug|Any CPU
		{17E9BEB5-2853-4B0B-9824-CE7998E4ADEB}.Release|Any CPU.ActiveCfg = Release|Any CPU
		{17E9BEB5-2853-4B0B-9824-CE7998E4ADEB}.Release|Any CPU.Build.0 = Release|Any CPU
		{28475782-5758-4CFD-8FDA-9EC0C5998729}.Debug|Any CPU.ActiveCfg = Debug|Any CPU
		{28475782-5758-4CFD-8FDA-9EC0C5998729}.Debug|Any CPU.Build.0 = Debug|Any CPU
		{28475782-5758-4CFD-8FDA-9EC0C5998729}.Release|Any CPU.ActiveCfg = Release|Any CPU
		{28475782-5758-4CFD-8FDA-9EC0C5998729}.Release|Any CPU.Build.0 = Release|Any CPU
	EndGlobalSection
	GlobalSection(SolutionProperties) = preSolution
		HideSolutionNode = FALSE
	EndGlobalSection
	GlobalSection(NestedProjects) = preSolution
		{28475782-5758-4CFD-8FDA-9EC0C5998729} = {95C4AE2B-545B-949C-7842-D6504EBF890D}
	EndGlobalSection
	GlobalSection(ExtensibilityGlobals) = postSolution
		SolutionGuid = {EB86AFDF-BFF0-4278-A4EE-3076E81DB087}
	EndGlobalSection
EndGlobal
