{
  "version": 4,
  "terraform_version": "1.16.2",
  "serial": 3,
  "lineage": "90a1e8ce-d713-c0aa-7614-47affc103619",
  "outputs": {
    "cluster_arn": {
      "value": "arn:aws:eks:us-east-1:000000000000:cluster/acman-dev",
      "type": "string"
    },
    "cluster_endpoint": {
      "value": "https://localhost:6500",
      "type": "string"
    },
    "cluster_name": {
      "value": "acman-dev",
      "type": "string"
    }
  },
  "resources": [
    {
      "mode": "managed",
      "type": "aws_eks_cluster",
      "name": "acman",
      "provider": "provider[\"registry.terraform.io/hashicorp/aws\"]",
      "instances": [
        {
          "schema_version": 1,
          "attributes": {
            "access_config": null,
            "arn": "arn:aws:eks:us-east-1:000000000000:cluster/acman-dev",
            "bootstrap_self_managed_addons": true,
            "certificate_authority": [
              {
                "data": "LS0tLS1CRUdJTiBDRVJUSUZJQ0FURS0tLS0tCk1JSUJkekNDQVIyZ0F3SUJBZ0lCQURBS0JnZ3Foa2pPUFFRREFqQWpNU0V3SHdZRFZRUUREQmhyTTNNdGMyVnkKZG1WeUxXTmhRREUzT0RreU1qVTJNVFl3SGhjTk1qWXdPVEV5TVRVd05qVTJXaGNOTXpZd09UQTVNVFV3TmpVMgpXakFqTVNFd0h3WURWUVFEREJock0zTXRjMlZ5ZG1WeUxXTmhRREUzT0RreU1qVTJNVFl3V1RBVEJnY3Foa2pPClBRSUJCZ2dxaGtqT1BRTUJCd05DQUFRTllVTVVJbGU3S3FFczR3VlAxbEh4QWJuRkZuV2N1MG5SQmV1Zmh0ZVQKLzIvODBiRkdiL1lLOUN3akpaUzNXOVUzNzRnRXZNcUpOK2gwUEx0RG13L01vMEl3UURBT0JnTlZIUThCQWY4RQpCQU1DQXFRd0R3WURWUjBUQVFIL0JBVXdBd0VCL3pBZEJnTlZIUTRFRmdRVVBnNVJoWUdqWlhHQ1A2K2lKTFcrCkVRNTVMS1F3Q2dZSUtvWkl6ajBFQXdJRFNBQXdSUUlnRDRoZE5BQnZoaDNSRlZ4cEJPc1dzRW5wUFFmUnZCUFkKQy8rOGd1TTJkcmNDSVFESGJySjhIeC8rU1VyMFhjTmJzVXZwK1preS80Um9mMitEOUpyVEo2UUhUUT09Ci0tLS0tRU5EIENFUlRJRklDQVRFLS0tLS0K"
              }
            ],
            "cluster_id": null,
            "compute_config": [],
            "control_plane_scaling_config": [],
            "created_at": "2026-09-13T01:54:20Z",
            "deletion_protection": false,
            "enabled_cluster_log_types": null,
            "encryption_config": [],
            "endpoint": "https://localhost:6500",
            "force_update_version": null,
            "id": "acman-dev",
            "identity": [
              {
                "oidc": [
                  {
                    "issuer": "https://oidc.eks.us-east-1.amazonaws.com/id/44C7C2D3C305402E80A06D9C2F51B7CB"
                  }
                ]
              }
            ],
            "kube_api_server_config": [],
            "kube_controller_manager_config": [],
            "kube_scheduler_config": [],
            "kubernetes_network_config": [
              {
                "elastic_load_balancing": [],
                "ip_family": "ipv4",
                "service_ipv4_cidr": "10.100.0.0/16",
                "service_ipv6_cidr": ""
              }
            ],
            "name": "acman-dev",
            "outpost_config": [],
            "platform_version": "eks.1",
            "region": "us-east-1",
            "remote_network_config": [],
            "role_arn": "arn:aws:iam::000000000000:role/eks-role",
            "status": "ACTIVE",
            "storage_config": [],
            "tags": null,
            "tags_all": {},
            "timeouts": null,
            "upgrade_policy": [],
            "version": "1.29",
            "vpc_config": [
              {
                "cluster_security_group_id": "",
                "control_plane_egress_mode": "",
                "endpoint_private_access": false,
                "endpoint_public_access": true,
                "public_access_cidrs": [
                  "0.0.0.0/0"
                ],
                "security_group_ids": null,
                "subnet_ids": [
                  "subnet-default-a",
                  "subnet-default-b"
                ],
                "vpc_id": "vpc-default"
              }
            ],
            "zonal_shift_config": []
          },
          "sensitive_attributes": [],
          "identity_schema_version": 0,
          "identity": {
            "account_id": "",
            "name": "acman-dev",
            "region": "us-east-1"
          },
          "private": "eyJlMmJmYjczMC1lY2FhLTExZTYtOGY4OC0zNDM2M2JjN2M0YzAiOnsiY3JlYXRlIjoxODAwMDAwMDAwMDAwLCJkZWxldGUiOjkwMDAwMDAwMDAwMCwidXBkYXRlIjozNjAwMDAwMDAwMDAwfSwic2NoZW1hX3ZlcnNpb24iOiIxIn0=",
          "dependencies": [
            "aws_iam_role.eks_role"
          ]
        }
      ]
    },
    {
      "mode": "managed",
      "type": "aws_iam_role",
      "name": "eks_role",
      "provider": "provider[\"registry.terraform.io/hashicorp/aws\"]",
      "instances": [
        {
          "schema_version": 0,
          "attributes": {
            "arn": "arn:aws:iam::000000000000:role/eks-role",
            "assume_role_policy": "{\"Statement\":[{\"Action\":\"sts:AssumeRole\",\"Effect\":\"Allow\",\"Principal\":{\"Service\":\"eks.amazonaws.com\"}}],\"Version\":\"2012-10-17\"}",
            "create_date": "2026-09-13T01:54:20Z",
            "description": "",
            "force_detach_policies": false,
            "id": "eks-role",
            "inline_policy": [],
            "managed_policy_arns": [],
            "max_session_duration": 3600,
            "name": "eks-role",
            "name_prefix": "",
            "path": "/",
            "permissions_boundary": "",
            "tags": null,
            "tags_all": {},
            "unique_id": "AROADWAYNSRPIFN0C3Q9"
          },
          "sensitive_attributes": [],
          "identity_schema_version": 0,
          "identity": {
            "account_id": "",
            "name": "eks-role"
          },
          "private": "bnVsbA=="
        }
      ]
    }
  ],
  "check_results": null
}
